
Microsoft Visual Studio Solution File, Format Version 12.00
# Visual Studio Version 17
VisualStudioVersion = 17.8.34511.84
MinimumVisualStudioVersion = 10.0.40219.1
Project("{FAE04EC0-301F-11D3-BF4B-00C04F79EFBC}") = "LC0131_2", "LC0129_2\LC0131_2.csproj", "{57AEF6D7-C023-4555-A633-6A9B3D628704}"
EndProject
Global
	GlobalSection(SolutionConfigurationPlatforms) = preSolution
		Debug|Any CPU = Debug|Any CPU
		Release|Any CPU = Release|Any CPU
	EndGlobalSection
	GlobalSection(ProjectConfigurationPlatforms) = postSolution
		{57AEF6D7-C023-4555-A633-6A9B3D628704}.Debug|Any CPU.ActiveCfg = Debug|Any CPU
		{57AEF6D7-C023-4555-A633-6A9B3D628704}.Debug|Any CPU.Build.0 = Debug|Any CPU
		{57AEF6D7-C023-4555-A633-6A9B3D628704}.Release|Any CPU.ActiveCfg = Release|Any CPU
		{57AEF6D7-C023-4555-A633-6A9B3D628704}.Release|Any CPU.Build.0 = Release|Any CPU
	EndGlobalSection
	GlobalSection(SolutionProperties) = preSolution
		HideSolutionNode = FALSE
	EndGlobalSection
	GlobalSection(ExtensibilityGlobals) = postSolution
		SolutionGuid = {FE3E086D-6EDB-4890-91AD-FF7DB4691EB0}
	EndGlobalSection
EndGlobal
